<Solution>
  <Configurations>
    <Platform Name="Any CPU" />
    <Platform Name="x64" />
    <Platform Name="x86" />
  </Configurations>
  <Folder Name="/Solution Items/">
    <File Path=".gitignore" />
    <File Path="Directory.Packages.props" />
    <File Path="dotnet-tools.json" />
    <File Path="global.json" />
    <File Path="README.en.md" />
    <File Path="README.md" />
  </Folder>
  <Folder Name="/src/">
    <Project Path="src/WinOpenID/WinOpenID.csproj" />
  </Folder>
  <Folder Name="/tests/">
    <Project Path="tests/WinOpenID.Tests/WinOpenID.Tests.csproj" />
  </Folder>
</Solution>
